
Microsoft Visual Studio Solution File, Format Version 12.00
# Visual Studio Version 17
VisualStudioVersion = 17.0.31903.59
MinimumVisualStudioVersion = 10.0.40219.1
Project("{FAE04EC0-301F-11D3-BF4B-00C04F79EFBC}") = "PhotoMode", "PhotoMode\PhotoMode.csproj", "{7246ECBA-3AC3-40F8-BD5C-E5E9D57F9E51}"
EndProject
Project("{FAE04EC0-301F-11D3-BF4B-00C04F79EFBC}") = "PhotoMode.Tests", "PhotoMode.Tests\PhotoMode.Tests.csproj", "{4CB9407B-AB91-45D1-AB36-879E5827CFC2}"
EndProject
Global
	GlobalSection(SolutionConfigurationPlatforms) = preSolution
		Debug|Any CPU = Debug|Any CPU
		Release|Any CPU = Release|Any CPU
	EndGlobalSection
	GlobalSection(SolutionProperties) = preSolution
		HideSolutionNode = FALSE
	EndGlobalSection
	GlobalSection(ProjectConfigurationPlatforms) = postSolution
		{7246ECBA-3AC3-40F8-BD5C-E5E9D57F9E51}.Debug|Any CPU.ActiveCfg = Debug|Any CPU
		{7246ECBA-3AC3-40F8-BD5C-E5E9D57F9E51}.Debug|Any CPU.Build.0 = Debug|Any CPU
		{7246ECBA-3AC3-40F8-BD5C-E5E9D57F9E51}.Release|Any CPU.ActiveCfg = Release|Any CPU
		{7246ECBA-3AC3-40F8-BD5C-E5E9D57F9E51}.Release|Any CPU.Build.0 = Release|Any CPU
		{4CB9407B-AB91-45D1-AB36-879E5827CFC2}.Debug|Any CPU.ActiveCfg = Debug|Any CPU
		{4CB9407B-AB91-45D1-AB36-879E5827CFC2}.Debug|Any CPU.Build.0 = Debug|Any CPU
		{4CB9407B-AB91-45D1-AB36-879E5827CFC2}.Release|Any CPU.ActiveCfg = Release|Any CPU
		{4CB9407B-AB91-45D1-AB36-879E5827CFC2}.Release|Any CPU.Build.0 = Release|Any CPU
	EndGlobalSection
EndGlobal
